// !$*UTF8*$!
{
	archiveVersion = 1;
	classes = {
	};
	objectVersion = 55;
	objects = {

/* Begin PBXBuildFile section */
		572898D628314D8500A2C612 /* twitterCloneApp.swift in Sources */ = {isa = PBXBuildFile; fileRef = 572898D528314D8500A2C612 /* twitterCloneApp.swift */; };
		572898D828314D8500A2C612 /* ContentView.swift in Sources */ = {isa = PBXBuildFile; fileRef = 572898D728314D8500A2C612 /* ContentView.swift */; };
		572898DA28314D8600A2C612 /* Assets.xcassets in Resources */ = {isa = PBXBuildFile; fileRef = 572898D928314D8600A2C612 /* Assets.xcassets */; };
		572898DD28314D8600A2C612 /* Preview Assets.xcassets in Resources */ = {isa = PBXBuildFile; fileRef = 572898DC28314D8600A2C612 /* Preview Assets.xcassets */; };
		572898EF2831733000A2C612 /* FeedView.swift in Sources */ = {isa = PBXBuildFile; fileRef = 572898EE2831733000A2C612 /* FeedView.swift */; };
		572898F2283174A000A2C612 /* TweetRowView.swift in Sources */ = {isa = PBXBuildFile; fileRef = 572898F1283174A000A2C612 /* TweetRowView.swift */; };
		572898F528317D8E00A2C612 /* MainTabView.swift in Sources */ = {isa = PBXBuildFile; fileRef = 572898F428317D8E00A2C612 /* MainTabView.swift */; };
		572898FE28317FE900A2C612 /* NotificationView.swift in Sources */ = {isa = PBXBuildFile; fileRef = 572898FD28317FE900A2C612 /* NotificationView.swift */; };
		572899002831800F00A2C612 /* MessagesView.swift in Sources */ = {isa = PBXBuildFile; fileRef = 572898FF2831800F00A2C612 /* MessagesView.swift */; };
		57422D8A2835B1F4002DAC40 /* UserStatsView.swift in Sources */ = {isa = PBXBuildFile; fileRef = 57422D892835B1F4002DAC40 /* UserStatsView.swift */; };
		577BB31E2831C78D00422011 /* ProfileView.swift in Sources */ = {isa = PBXBuildFile; fileRef = 577BB31D2831C78D00422011 /* ProfileView.swift */; };
		577BB3202832EC8400422011 /* TweetFilterViewModel.swift in Sources */ = {isa = PBXBuildFile; fileRef = 577BB31F2832EC8400422011 /* TweetFilterViewModel.swift */; };
		577BB32428346AB200422011 /* ExploreView.swift in Sources */ = {isa = PBXBuildFile; fileRef = 577BB32328346AB200422011 /* ExploreView.swift */; };
		577BB32828346AF700422011 /* UserRowView.swift in Sources */ = {isa = PBXBuildFile; fileRef = 577BB32728346AF700422011 /* UserRowView.swift */; };
		577BB32D283472CF00422011 /* SideMenuView.swift in Sources */ = {isa = PBXBuildFile; fileRef = 577BB32C283472CF00422011 /* SideMenuView.swift */; };
		577BB32F283472F800422011 /* SideMenuRowView.swift in Sources */ = {isa = PBXBuildFile; fileRef = 577BB32E283472F800422011 /* SideMenuRowView.swift */; };
		577BB3322834736600422011 /* SideMenuViewModel.swift in Sources */ = {isa = PBXBuildFile; fileRef = 577BB3312834736600422011 /* SideMenuViewModel.swift */; };
/* End PBXBuildFile section */

/* Begin PBXFileReference section */
		572898D228314D8500A2C612 /* twitterClone.app */ = {isa = PBXFileReference; explicitFileType = wrapper.application; includeInIndex = 0; path = twitterClone.app; sourceTree = BUILT_PRODUCTS_DIR; };
		572898D528314D8500A2C612 /* twitterCloneApp.swift */ = {isa = PBXFileReference; lastKnownFileType = sourcecode.swift; path = twitterCloneApp.swift; sourceTree = "<group>"; };
		572898D728314D8500A2C612 /* ContentView.swift */ = {isa = PBXFileReference; lastKnownFileType = sourcecode.swift; path = ContentView.swift; sourceTree = "<group>"; };
		572898D928314D8600A2C612 /* Assets.xcassets */ = {isa = PBXFileReference; lastKnownFileType = folder.assetcatalog; path = Assets.xcassets; sourceTree = "<group>"; };
		572898DC28314D8600A2C612 /* Preview Assets.xcassets */ = {isa = PBXFileReference; lastKnownFileType = folder.assetcatalog; path = "Preview Assets.xcassets"; sourceTree = "<group>"; };
		572898EE2831733000A2C612 /* FeedView.swift */ = {isa = PBXFileReference; lastKnownFileType = sourcecode.swift; path = FeedView.swift; sourceTree = "<group>"; };
		572898F1283174A000A2C612 /* TweetRowView.swift */ = {isa = PBXFileReference; lastKnownFileType = sourcecode.swift; path = TweetRowView.swift; sourceTree = "<group>"; };
		572898F428317D8E00A2C612 /* MainTabView.swift */ = {isa = PBXFileReference; lastKnownFileType = sourcecode.swift; path = MainTabView.swift; sourceTree = "<group>"; };
		572898FD28317FE900A2C612 /* NotificationView.swift */ = {isa = PBXFileReference; lastKnownFileType = sourcecode.swift; path = NotificationView.swift; sourceTree = "<group>"; };
		572898FF2831800F00A2C612 /* MessagesView.swift */ = {isa = PBXFileReference; lastKnownFileType = sourcecode.swift; path = MessagesView.swift; sourceTree = "<group>"; };
		57422D892835B1F4002DAC40 /* UserStatsView.swift */ = {isa = PBXFileReference; lastKnownFileType = sourcecode.swift; path = UserStatsView.swift; sourceTree = "<group>"; };
		577BB31D2831C78D00422011 /* ProfileView.swift */ = {isa = PBXFileReference; lastKnownFileType = sourcecode.swift; path = ProfileView.swift; sourceTree = "<group>"; };
		577BB31F2832EC8400422011 /* TweetFilterViewModel.swift */ = {isa = PBXFileReference; lastKnownFileType = sourcecode.swift; path = TweetFilterViewModel.swift; sourceTree = "<group>"; };
		577BB32328346AB200422011 /* ExploreView.swift */ = {isa = PBXFileReference; lastKnownFileType = sourcecode.swift; path = ExploreView.swift; sourceTree = "<group>"; };
		577BB32728346AF700422011 /* UserRowView.swift */ = {isa = PBXFileReference; lastKnownFileType = sourcecode.swift; path = UserRowView.swift; sourceTree = "<group>"; };
		577BB32C283472CF00422011 /* SideMenuView.swift */ = {isa = PBXFileReference; lastKnownFileType = sourcecode.swift; path = SideMenuView.swift; sourceTree = "<group>"; };
		577BB32E283472F800422011 /* SideMenuRowView.swift */ = {isa = PBXFileReference; lastKnownFileType = sourcecode.swift; path = SideMenuRowView.swift; sourceTree = "<group>"; };
		577BB3312834736600422011 /* SideMenuViewModel.swift */ = {isa = PBXFileReference; lastKnownFileType = sourcecode.swift; path = SideMenuViewModel.swift; sourceTree = "<group>"; };
/* End PBXFileReference section */

/* Begin PBXFrameworksBuildPhase section */
		572898CF28314D8500A2C612 /* Frameworks */ = {
			isa = PBXFrameworksBuildPhase;
			buildActionMask = 2147483647;
			files = (
			);
			runOnlyForDeploymentPostprocessing = 0;
		};
/* End PBXFrameworksBuildPhase section */

/* Begin PBXGroup section */
		572898C928314D8500A2C612 = {
			isa = PBXGroup;
			children = (
				572898D428314D8500A2C612 /* twitterClone */,
				572898D328314D8500A2C612 /* Products */,
			);
			sourceTree = "<group>";
		};
		572898D328314D8500A2C612 /* Products */ = {
			isa = PBXGroup;
			children = (
				572898D228314D8500A2C612 /* twitterClone.app */,
			);
			name = Products;
			sourceTree = "<group>";
		};
		572898D428314D8500A2C612 /* twitterClone */ = {
			isa = PBXGroup;
			children = (
				572898E62831505C00A2C612 /* Extensions */,
				572898E7283150A500A2C612 /* Model */,
				572898E8283150AF00A2C612 /* Service */,
				572898E9283150B800A2C612 /* Core */,
				572898D528314D8500A2C612 /* twitterCloneApp.swift */,
				572898D728314D8500A2C612 /* ContentView.swift */,
				572898D928314D8600A2C612 /* Assets.xcassets */,
				572898DB28314D8600A2C612 /* Preview Content */,
			);
			path = twitterClone;
			sourceTree = "<group>";
		};
		572898DB28314D8600A2C612 /* Preview Content */ = {
			isa = PBXGroup;
			children = (
				572898DC28314D8600A2C612 /* Preview Assets.xcassets */,
			);
			path = "Preview Content";
			sourceTree = "<group>";
		};
		572898E62831505C00A2C612 /* Extensions */ = {
			isa = PBXGroup;
			children = (
			);
			path = Extensions;
			sourceTree = "<group>";
		};
		572898E7283150A500A2C612 /* Model */ = {
			isa = PBXGroup;
			children = (
			);
			path = Model;
			sourceTree = "<group>";
		};
		572898E8283150AF00A2C612 /* Service */ = {
			isa = PBXGroup;
			children = (
			);
			path = Service;
			sourceTree = "<group>";
		};
		572898E9283150B800A2C612 /* Core */ = {
			isa = PBXGroup;
			children = (
				572898EA283150F700A2C612 /* Components */,
				577BB3292834728200422011 /* SideMenu */,
				572898FA28317F6900A2C612 /* Profile */,
				572898F928317F6200A2C612 /* Explore */,
				572898F728317F4F00A2C612 /* Notification */,
				572898F628317F3E00A2C612 /* Messages */,
				572898EB2831510500A2C612 /* Feed */,
				572898F328317D7400A2C612 /* MainTab */,
			);
			path = Core;
			sourceTree = "<group>";
		};
		572898EA283150F700A2C612 /* Components */ = {
			isa = PBXGroup;
			children = (
				577BB32528346AD700422011 /* Users */,
				572898F02831746B00A2C612 /* Tweets */,
			);
			path = Components;
			sourceTree = "<group>";
		};
		572898EB2831510500A2C612 /* Feed */ = {
			isa = PBXGroup;
			children = (
				572898ED2831731E00A2C612 /* View */,
				572898EC2831731000A2C612 /* ViewModel */,
			);
			path = Feed;
			sourceTree = "<group>";
		};
		572898EC2831731000A2C612 /* ViewModel */ = {
			isa = PBXGroup;
			children = (
			);
			path = ViewModel;
			sourceTree = "<group>";
		};
		572898ED2831731E00A2C612 /* View */ = {
			isa = PBXGroup;
			children = (
				572898EE2831733000A2C612 /* FeedView.swift */,
			);
			path = View;
			sourceTree = "<group>";
		};
		572898F02831746B00A2C612 /* Tweets */ = {
			isa = PBXGroup;
			children = (
				572898F1283174A000A2C612 /* TweetRowView.swift */,
			);
			path = Tweets;
			sourceTree = "<group>";
		};
		572898F328317D7400A2C612 /* MainTab */ = {
			isa = PBXGroup;
			children = (
				572898F428317D8E00A2C612 /* MainTabView.swift */,
			);
			path = MainTab;
			sourceTree = "<group>";
		};
		572898F628317F3E00A2C612 /* Messages */ = {
			isa = PBXGroup;
			children = (
				572898FF2831800F00A2C612 /* MessagesView.swift */,
			);
			path = Messages;
			sourceTree = "<group>";
		};
		572898F728317F4F00A2C612 /* Notification */ = {
			isa = PBXGroup;
			children = (
				572898FD28317FE900A2C612 /* NotificationView.swift */,
			);
			path = Notification;
			sourceTree = "<group>";
		};
		572898F928317F6200A2C612 /* Explore */ = {
			isa = PBXGroup;
			children = (
				577BB32228346A4B00422011 /* ViewModels */,
				577BB32128346A4000422011 /* Views */,
			);
			path = Explore;
			sourceTree = "<group>";
		};
		572898FA28317F6900A2C612 /* Profile */ = {
			isa = PBXGroup;
			children = (
				577BB31B2831C74400422011 /* ViewModels */,
				577BB31C2831C75000422011 /* Views */,
			);
			path = Profile;
			sourceTree = "<group>";
		};
		577BB31B2831C74400422011 /* ViewModels */ = {
			isa = PBXGroup;
			children = (
				577BB31F2832EC8400422011 /* TweetFilterViewModel.swift */,
			);
			path = ViewModels;
			sourceTree = "<group>";
		};
		577BB31C2831C75000422011 /* Views */ = {
			isa = PBXGroup;
			children = (
				577BB31D2831C78D00422011 /* ProfileView.swift */,
			);
			path = Views;
			sourceTree = "<group>";
		};
		577BB32128346A4000422011 /* Views */ = {
			isa = PBXGroup;
			children = (
				577BB32328346AB200422011 /* ExploreView.swift */,
			);
			path = Views;
			sourceTree = "<group>";
		};
		577BB32228346A4B00422011 /* ViewModels */ = {
			isa = PBXGroup;
			children = (
			);
			path = ViewModels;
			sourceTree = "<group>";
		};
		577BB32528346AD700422011 /* Users */ = {
			isa = PBXGroup;
			children = (
				577BB32728346AF700422011 /* UserRowView.swift */,
				57422D892835B1F4002DAC40 /* UserStatsView.swift */,
			);
			path = Users;
			sourceTree = "<group>";
		};
		577BB3292834728200422011 /* SideMenu */ = {
			isa = PBXGroup;
			children = (
				577BB32B283472BC00422011 /* ViewModels */,
				577BB32A283472B600422011 /* Views */,
			);
			path = SideMenu;
			sourceTree = "<group>";
		};
		577BB32A283472B600422011 /* Views */ = {
			isa = PBXGroup;
			children = (
				577BB32C283472CF00422011 /* SideMenuView.swift */,
				577BB32E283472F800422011 /* SideMenuRowView.swift */,
			);
			path = Views;
			sourceTree = "<group>";
		};
		577BB32B283472BC00422011 /* ViewModels */ = {
			isa = PBXGroup;
			children = (
				577BB3312834736600422011 /* SideMenuViewModel.swift */,
			);
			path = ViewModels;
			sourceTree = "<group>";
		};
/* End PBXGroup section */

/* Begin PBXNativeTarget section */
		572898D128314D8500A2C612 /* twitterClone */ = {
			isa = PBXNativeTarget;
			buildConfigurationList = 572898E028314D8600A2C612 /* Build configuration list for PBXNativeTarget "twitterClone" */;
			buildPhases = (
				572898CE28314D8500A2C612 /* Sources */,
				572898CF28314D8500A2C612 /* Frameworks */,
				572898D028314D8500A2C612 /* Resources */,
			);
			buildRules = (
			);
			dependencies = (
			);
			name = twitterClone;
			productName = twitterClone;
			productReference = 572898D228314D8500A2C612 /* twitterClone.app */;
			productType = "com.apple.product-type.application";
		};
/* End PBXNativeTarget section */

/* Begin PBXProject section */
		572898CA28314D8500A2C612 /* Project object */ = {
			isa = PBXProject;
			attributes = {
				BuildIndependentTargetsInParallel = 1;
				LastSwiftUpdateCheck = 1320;
				LastUpgradeCheck = 1320;
				TargetAttributes = {
					572898D128314D8500A2C612 = {
						CreatedOnToolsVersion = 13.2.1;
					};
				};
			};
			buildConfigurationList = 572898CD28314D8500A2C612 /* Build configuration list for PBXProject "twitterClone" */;
			compatibilityVersion = "Xcode 13.0";
			developmentRegion = en;
			hasScannedForEncodings = 0;
			knownRegions = (
				en,
				Base,
			);
			mainGroup = 572898C928314D8500A2C612;
			productRefGroup = 572898D328314D8500A2C612 /* Products */;
			projectDirPath = "";
			projectRoot = "";
			targets = (
				572898D128314D8500A2C612 /* twitterClone */,
			);
		};
/* End PBXProject section */

/* Begin PBXResourcesBuildPhase section */
		572898D028314D8500A2C612 /* Resources */ = {
			isa = PBXResourcesBuildPhase;
			buildActionMask = 2147483647;
			files = (
				572898DD28314D8600A2C612 /* Preview Assets.xcassets in Resources */,
				572898DA28314D8600A2C612 /* Assets.xcassets in Resources */,
			);
			runOnlyForDeploymentPostprocessing = 0;
		};
/* End PBXResourcesBuildPhase section */

/* Begin PBXSourcesBuildPhase section */
		572898CE28314D8500A2C612 /* Sources */ = {
			isa = PBXSourcesBuildPhase;
			buildActionMask = 2147483647;
			files = (
				572899002831800F00A2C612 /* MessagesView.swift in Sources */,
				577BB31E2831C78D00422011 /* ProfileView.swift in Sources */,
				572898D828314D8500A2C612 /* ContentView.swift in Sources */,
				577BB32F283472F800422011 /* SideMenuRowView.swift in Sources */,
				572898F2283174A000A2C612 /* TweetRowView.swift in Sources */,
				577BB32428346AB200422011 /* ExploreView.swift in Sources */,
				577BB3202832EC8400422011 /* TweetFilterViewModel.swift in Sources */,
				577BB32D283472CF00422011 /* SideMenuView.swift in Sources */,
				572898FE28317FE900A2C612 /* NotificationView.swift in Sources */,
				572898EF2831733000A2C612 /* FeedView.swift in Sources */,
				577BB3322834736600422011 /* SideMenuViewModel.swift in Sources */,
				577BB32828346AF700422011 /* UserRowView.swift in Sources */,
				572898D628314D8500A2C612 /* twitterCloneApp.swift in Sources */,
				572898F528317D8E00A2C612 /* MainTabView.swift in Sources */,
				57422D8A2835B1F4002DAC40 /* UserStatsView.swift in Sources */,
			);
			runOnlyForDeploymentPostprocessing = 0;
		};
/* End PBXSourcesBuildPhase section */

/* Begin XCBuildConfiguration section */
		572898DE28314D8600A2C612 /* Debug */ = {
			isa = XCBuildConfiguration;
			buildSettings = {
				ALWAYS_SEARCH_USER_PATHS = NO;
				CLANG_ANALYZER_NONNULL = YES;
				CLANG_ANALYZER_NUMBER_OBJECT_CONVERSION = YES_AGGRESSIVE;
				CLANG_CXX_LANGUAGE_STANDARD = "gnu++17";
				CLANG_CXX_LIBRARY = "libc++";
				CLANG_ENABLE_MODULES = YES;
				CLANG_ENABLE_OBJC_ARC = YES;
				CLANG_ENABLE_OBJC_WEAK = YES;
				CLANG_WARN_BLOCK_CAPTURE_AUTORELEASING = YES;
				CLANG_WARN_BOOL_CONVERSION = YES;
				CLANG_WARN_COMMA = YES;
				CLANG_WARN_CONSTANT_CONVERSION = YES;
				CLANG_WARN_DEPRECATED_OBJC_IMPLEMENTATIONS = YES;
				CLANG_WARN_DIRECT_OBJC_ISA_USAGE = YES_ERROR;
				CLANG_WARN_DOCUMENTATION_COMMENTS = YES;
				CLANG_WARN_EMPTY_BODY = YES;
				CLANG_WARN_ENUM_CONVERSION = YES;
				CLANG_WARN_INFINITE_RECURSION = YES;
				CLANG_WARN_INT_CONVERSION = YES;
				CLANG_WARN_NON_LITERAL_NULL_CONVERSION = YES;
				CLANG_WARN_OBJC_IMPLICIT_RETAIN_SELF = YES;
				CLANG_WARN_OBJC_LITERAL_CONVERSION = YES;
				CLANG_WARN_OBJC_ROOT_CLASS = YES_ERROR;
				CLANG_WARN_QUOTED_INCLUDE_IN_FRAMEWORK_HEADER = YES;
				CLANG_WARN_RANGE_LOOP_ANALYSIS = YES;
				CLANG_WARN_STRICT_PROTOTYPES = YES;
				CLANG_WARN_SUSPICIOUS_MOVE = YES;
				CLANG_WARN_UNGUARDED_AVAILABILITY = YES_AGGRESSIVE;
				CLANG_WARN_UNREACHABLE_CODE = YES;
				CLANG_WARN__DUPLICATE_METHOD_MATCH = YES;
				COPY_PHASE_STRIP = NO;
				DEBUG_INFORMATION_FORMAT = dwarf;
				ENABLE_STRICT_OBJC_MSGSEND = YES;
				ENABLE_TESTABILITY = YES;
				GCC_C_LANGUAGE_STANDARD = gnu11;
				GCC_DYNAMIC_NO_PIC = NO;
				GCC_NO_COMMON_BLOCKS = YES;
				GCC_OPTIMIZATION_LEVEL = 0;
				GCC_PREPROCESSOR_DEFINITIONS = (
					"DEBUG=1",
					"$(inherited)",
				);
				GCC_WARN_64_TO_32_BIT_CONVERSION = YES;
				GCC_WARN_ABOUT_RETURN_TYPE = YES_ERROR;
				GCC_WARN_UNDECLARED_SELECTOR = YES;
				GCC_WARN_UNINITIALIZED_AUTOS = YES_AGGRESSIVE;
				GCC_WARN_UNUSED_FUNCTION = YES;
				GCC_WARN_UNUSED_VARIABLE = YES;
				IPHONEOS_DEPLOYMENT_TARGET = 15.2;
				MTL_ENABLE_DEBUG_INFO = INCLUDE_SOURCE;
				MTL_FAST_MATH = YES;
				ONLY_ACTIVE_ARCH = YES;
				SDKROOT = iphoneos;
				SWIFT_ACTIVE_COMPILATION_CONDITIONS = DEBUG;
				SWIFT_OPTIMIZATION_LEVEL = "-Onone";
			};
			name = Debug;
		};
		572898DF28314D8600A2C612 /* Release */ = {
			isa = XCBuildConfiguration;
			buildSettings = {
				ALWAYS_SEARCH_USER_PATHS = NO;
				CLANG_ANALYZER_NONNULL = YES;
				CLANG_ANALYZER_NUMBER_OBJECT_CONVERSION = YES_AGGRESSIVE;
				CLANG_CXX_LANGUAGE_STANDARD = "gnu++17";
				CLANG_CXX_LIBRARY = "libc++";
				CLANG_ENABLE_MODULES = YES;
				CLANG_ENABLE_OBJC_ARC = YES;
				CLANG_ENABLE_OBJC_WEAK = YES;
				CLANG_WARN_BLOCK_CAPTURE_AUTORELEASING = YES;
				CLANG_WARN_BOOL_CONVERSION = YES;
				CLANG_WARN_COMMA = YES;
				CLANG_WARN_CONSTANT_CONVERSION = YES;
				CLANG_WARN_DEPRECATED_OBJC_IMPLEMENTATIONS = YES;
				CLANG_WARN_DIRECT_OBJC_ISA_USAGE = YES_ERROR;
				CLANG_WARN_DOCUMENTATION_COMMENTS = YES;
				CLANG_WARN_EMPTY_BODY = YES;
				CLANG_WARN_ENUM_CONVERSION = YES;
				CLANG_WARN_INFINITE_RECURSION = YES;
				CLANG_WARN_INT_CONVERSION = YES;
				CLANG_WARN_NON_LITERAL_NULL_CONVERSION = YES;
				CLANG_WARN_OBJC_IMPLICIT_RETAIN_SELF = YES;
				CLANG_WARN_OBJC_LITERAL_CONVERSION = YES;
				CLANG_WARN_OBJC_ROOT_CLASS = YES_ERROR;
				CLANG_WARN_QUOTED_INCLUDE_IN_FRAMEWORK_HEADER = YES;
				CLANG_WARN_RANGE_LOOP_ANALYSIS = YES;
				CLANG_WARN_STRICT_PROTOTYPES = YES;
				CLANG_WARN_SUSPICIOUS_MOVE = YES;
				CLANG_WARN_UNGUARDED_AVAILABILITY = YES_AGGRESSIVE;
				CLANG_WARN_UNREACHABLE_CODE = YES;
				CLANG_WARN__DUPLICATE_METHOD_MATCH = YES;
				COPY_PHASE_STRIP = NO;
				DEBUG_INFORMATION_FORMAT = "dwarf-with-dsym";
				ENABLE_NS_ASSERTIONS = NO;
				ENABLE_STRICT_OBJC_MSGSEND = YES;
				GCC_C_LANGUAGE_STANDARD = gnu11;
				GCC_NO_COMMON_BLOCKS = YES;
				GCC_WARN_64_TO_32_BIT_CONVERSION = YES;
				GCC_WARN_ABOUT_RETURN_TYPE = YES_ERROR;
				GCC_WARN_UNDECLARED_SELECTOR = YES;
				GCC_WARN_UNINITIALIZED_AUTOS = YES_AGGRESSIVE;
				GCC_WARN_UNUSED_FUNCTION = YES;
				GCC_WARN_UNUSED_VARIABLE = YES;
				IPHONEOS_DEPLOYMENT_TARGET = 15.2;
				MTL_ENABLE_DEBUG_INFO = NO;
				MTL_FAST_MATH = YES;
				SDKROOT = iphoneos;
				SWIFT_COMPILATION_MODE = wholemodule;
				SWIFT_OPTIMIZATION_LEVEL = "-O";
				VALIDATE_PRODUCT = YES;
			};
			name = Release;
		};
		572898E128314D8600A2C612 /* Debug */ = {
			isa = XCBuildConfiguration;
			buildSettings = {
				ASSETCATALOG_COMPILER_APPICON_NAME = AppIcon;
				ASSETCATALOG_COMPILER_GLOBAL_ACCENT_COLOR_NAME = AccentColor;
				CODE_SIGN_STYLE = Automatic;
				CURRENT_PROJECT_VERSION = 1;
				DEVELOPMENT_ASSET_PATHS = "\"twitterClone/Preview Content\"";
				DEVELOPMENT_TEAM = XB2B84QSK3;
				ENABLE_PREVIEWS = YES;
				GENERATE_INFOPLIST_FILE = YES;
				INFOPLIST_KEY_UIApplicationSceneManifest_Generation = YES;
				INFOPLIST_KEY_UIApplicationSupportsIndirectInputEvents = YES;
				INFOPLIST_KEY_UILaunchScreen_Generation = YES;
				INFOPLIST_KEY_UISupportedInterfaceOrientations_iPad = "UIInterfaceOrientationPortrait UIInterfaceOrientationPortraitUpsideDown UIInterfaceOrientationLandscapeLeft UIInterfaceOrientationLandscapeRight";
				INFOPLIST_KEY_UISupportedInterfaceOrientations_iPhone = "UIInterfaceOrientationPortrait UIInterfaceOrientationLandscapeLeft UIInterfaceOrientationLandscapeRight";
				LD_RUNPATH_SEARCH_PATHS = (
					"$(inherited)",
					"@executable_path/Frameworks",
				);
				MARKETING_VERSION = 1.0;
				PRODUCT_BUNDLE_IDENTIFIER = souzamath.twitterClone;
				PRODUCT_NAME = "$(TARGET_NAME)";
				SWIFT_EMIT_LOC_STRINGS = YES;
				SWIFT_VERSION = 5.0;
				TARGETED_DEVICE_FAMILY = "1,2";
			};
			name = Debug;
		};
		572898E228314D8600A2C612 /* Release */ = {
			isa = XCBuildConfiguration;
			buildSettings = {
				ASSETCATALOG_COMPILER_APPICON_NAME = AppIcon;
				ASSETCATALOG_COMPILER_GLOBAL_ACCENT_COLOR_NAME = AccentColor;
				CODE_SIGN_STYLE = Automatic;
				CURRENT_PROJECT_VERSION = 1;
				DEVELOPMENT_ASSET_PATHS = "\"twitterClone/Preview Content\"";
				DEVELOPMENT_TEAM = XB2B84QSK3;
				ENABLE_PREVIEWS = YES;
				GENERATE_INFOPLIST_FILE = YES;
				INFOPLIST_KEY_UIApplicationSceneManifest_Generation = YES;
				INFOPLIST_KEY_UIApplicationSupportsIndirectInputEvents = YES;
				INFOPLIST_KEY_UILaunchScreen_Generation = YES;
				INFOPLIST_KEY_UISupportedInterfaceOrientations_iPad = "UIInterfaceOrientationPortrait UIInterfaceOrientationPortraitUpsideDown UIInterfaceOrientationLandscapeLeft UIInterfaceOrientationLandscapeRight";
				INFOPLIST_KEY_UISupportedInterfaceOrientations_iPhone = "UIInterfaceOrientationPortrait UIInterfaceOrientationLandscapeLeft UIInterfaceOrientationLandscapeRight";
				LD_RUNPATH_SEARCH_PATHS = (
					"$(inherited)",
					"@executable_path/Frameworks",
				);
				MARKETING_VERSION = 1.0;
				PRODUCT_BUNDLE_IDENTIFIER = souzamath.twitterClone;
				PRODUCT_NAME = "$(TARGET_NAME)";
				SWIFT_EMIT_LOC_STRINGS = YES;
				SWIFT_VERSION = 5.0;
				TARGETED_DEVICE_FAMILY = "1,2";
			};
			name = Release;
		};
/* End XCBuildConfiguration section */

/* Begin XCConfigurationList section */
		572898CD28314D8500A2C612 /* Build configuration list for PBXProject "twitterClone" */ = {
			isa = XCConfigurationList;
			buildConfigurations = (
				572898DE28314D8600A2C612 /* Debug */,
				572898DF28314D8600A2C612 /* Release */,
			);
			defaultConfigurationIsVisible = 0;
			defaultConfigurationName = Release;
		};
		572898E028314D8600A2C612 /* Build configuration list for PBXNativeTarget "twitterClone" */ = {
			isa = XCConfigurationList;
			buildConfigurations = (
				572898E128314D8600A2C612 /* Debug */,
				572898E228314D8600A2C612 /* Release */,
			);
			defaultConfigurationIsVisible = 0;
			defaultConfigurationName = Release;
		};
/* End XCConfigurationList section */
	};
	rootObject = 572898CA28314D8500A2C612 /* Project object */;
}
